
Microsoft Visual Studio Solution File, Format Version 12.00
# Visual Studio 2013
VisualStudioVersion = 12.0.31101.0
MinimumVisualStudioVersion = 10.0.40219.1
Project("{FAE04EC0-301F-11D3-BF4B-00C04F79EFBC}") = "Blackbird.WPF", "Blackbird.UI\Blackbird.WPF.csproj", "{7C941929-ED2B-4FFA-822C-23F05F64D617}"
EndProject
Project("{FAE04EC0-301F-11D3-BF4B-00C04F79EFBC}") = "Blackbird.Services", "Blackbird.Services\Blackbird.Services.csproj", "{0560E644-3B67-4BF1-9BBC-D561502FC826}"
EndProject
Global
	GlobalSection(SolutionConfigurationPlatforms) = preSolution
		Debug|Any CPU = Debug|Any CPU
		Release|Any CPU = Release|Any CPU
	EndGlobalSection
	GlobalSection(ProjectConfigurationPlatforms) = postSolution
		{7C941929-ED2B-4FFA-822C-23F05F64D617}.Debug|Any CPU.ActiveCfg = Debug|Any CPU
		{7C941929-ED2B-4FFA-822C-23F05F64D617}.Debug|Any CPU.Build.0 = Debug|Any CPU
		{7C941929-ED2B-4FFA-822C-23F05F64D617}.Release|Any CPU.ActiveCfg = Release|Any CPU
		{7C941929-ED2B-4FFA-822C-23F05F64D617}.Release|Any CPU.Build.0 = Release|Any CPU
		{0560E644-3B67-4BF1-9BBC-D561502FC826}.Debug|Any CPU.ActiveCfg = Debug|Any CPU
		{0560E644-3B67-4BF1-9BBC-D561502FC826}.Debug|Any CPU.Build.0 = Debug|Any CPU
		{0560E644-3B67-4BF1-9BBC-D561502FC826}.Release|Any CPU.ActiveCfg = Release|Any CPU
		{0560E644-3B67-4BF1-9BBC-D561502FC826}.Release|Any CPU.Build.0 = Release|Any CPU
	EndGlobalSection
	GlobalSection(SolutionProperties) = preSolution
		HideSolutionNode = FALSE
	EndGlobalSection
EndGlobal
